// !$*UTF8*$!
{
	archiveVersion = 1;
	classes = {
	};
	objectVersion = 51;
	objects = {

/* Begin PBXBuildFile section */
		82570E0F97656AE12BAE8F05 /* Pods_ParstagramTests.framework in Frameworks */ = {isa = PBXBuildFile; fileRef = A92329E8503F1DAD3F80E609 /* Pods_ParstagramTests.framework */; };
		CFD88A5423FADD7E009F076E /* AppDelegate.swift in Sources */ = {isa = PBXBuildFile; fileRef = CFD88A5323FADD7E009F076E /* AppDelegate.swift */; };
		CFD88A5623FADD7E009F076E /* SceneDelegate.swift in Sources */ = {isa = PBXBuildFile; fileRef = CFD88A5523FADD7E009F076E /* SceneDelegate.swift */; };
		CFD88A5B23FADD7E009F076E /* Main.storyboard in Resources */ = {isa = PBXBuildFile; fileRef = CFD88A5923FADD7E009F076E /* Main.storyboard */; };
		CFD88A5D23FADD81009F076E /* Assets.xcassets in Resources */ = {isa = PBXBuildFile; fileRef = CFD88A5C23FADD81009F076E /* Assets.xcassets */; };
		CFD88A6023FADD81009F076E /* LaunchScreen.storyboard in Resources */ = {isa = PBXBuildFile; fileRef = CFD88A5E23FADD81009F076E /* LaunchScreen.storyboard */; };
		CFD88A6B23FADD82009F076E /* ParstagramTests.swift in Sources */ = {isa = PBXBuildFile; fileRef = CFD88A6A23FADD82009F076E /* ParstagramTests.swift */; };
		CFD88A7623FB526A009F076E /* FeedViewController.swift in Sources */ = {isa = PBXBuildFile; fileRef = CFD88A7523FB526A009F076E /* FeedViewController.swift */; };
		CFD88A7823FB5277009F076E /* LoginViewController.swift in Sources */ = {isa = PBXBuildFile; fileRef = CFD88A7723FB5277009F076E /* LoginViewController.swift */; };
		CFD88A7A23FB622C009F076E /* CameraViewController.swift in Sources */ = {isa = PBXBuildFile; fileRef = CFD88A7923FB622C009F076E /* CameraViewController.swift */; };
		F2885019D756CE7D6D2AD232 /* Pods_Parstagram.framework in Frameworks */ = {isa = PBXBuildFile; fileRef = 42CB507BA4DD7031B62328E3 /* Pods_Parstagram.framework */; };
/* End PBXBuildFile section */

/* Begin PBXContainerItemProxy section */
		CFD88A6723FADD82009F076E /* PBXContainerItemProxy */ = {
			isa = PBXContainerItemProxy;
			containerPortal = CFD88A4823FADD7E009F076E /* Project object */;
			proxyType = 1;
			remoteGlobalIDString = CFD88A4F23FADD7E009F076E;
			remoteInfo = Parstagram;
		};
/* End PBXContainerItemProxy section */

/* Begin PBXFileReference section */
		215A51E7CCD3EA740B39D164 /* Pods-ParstagramTests.release.xcconfig */ = {isa = PBXFileReference; includeInIndex = 1; lastKnownFileType = text.xcconfig; name = "Pods-ParstagramTests.release.xcconfig"; path = "Target Support Files/Pods-ParstagramTests/Pods-ParstagramTests.release.xcconfig"; sourceTree = "<group>"; };
		42CB507BA4DD7031B62328E3 /* Pods_Parstagram.framework */ = {isa = PBXFileReference; explicitFileType = wrapper.framework; includeInIndex = 0; path = Pods_Parstagram.framework; sourceTree = BUILT_PRODUCTS_DIR; };
		59514D8094BB6D5678F2B2A6 /* Pods-Parstagram.debug.xcconfig */ = {isa = PBXFileReference; includeInIndex = 1; lastKnownFileType = text.xcconfig; name = "Pods-Parstagram.debug.xcconfig"; path = "Target Support Files/Pods-Parstagram/Pods-Parstagram.debug.xcconfig"; sourceTree = "<group>"; };
		A92329E8503F1DAD3F80E609 /* Pods_ParstagramTests.framework */ = {isa = PBXFileReference; explicitFileType = wrapper.framework; includeInIndex = 0; path = Pods_ParstagramTests.framework; sourceTree = BUILT_PRODUCTS_DIR; };
		C2411933753344A7EB53F6FB /* Pods-Parstagram.release.xcconfig */ = {isa = PBXFileReference; includeInIndex = 1; lastKnownFileType = text.xcconfig; name = "Pods-Parstagram.release.xcconfig"; path = "Target Support Files/Pods-Parstagram/Pods-Parstagram.release.xcconfig"; sourceTree = "<group>"; };
		CF26E5885E76E151641B8033 /* Pods-ParstagramTests.debug.xcconfig */ = {isa = PBXFileReference; includeInIndex = 1; lastKnownFileType = text.xcconfig; name = "Pods-ParstagramTests.debug.xcconfig"; path = "Target Support Files/Pods-ParstagramTests/Pods-ParstagramTests.debug.xcconfig"; sourceTree = "<group>"; };
		CFD88A5023FADD7E009F076E /* Parstagram.app */ = {isa = PBXFileReference; explicitFileType = wrapper.application; includeInIndex = 0; path = Parstagram.app; sourceTree = BUILT_PRODUCTS_DIR; };
		CFD88A5323FADD7E009F076E /* AppDelegate.swift */ = {isa = PBXFileReference; lastKnownFileType = sourcecode.swift; path = AppDelegate.swift; sourceTree = "<group>"; };
		CFD88A5523FADD7E009F076E /* SceneDelegate.swift */ = {isa = PBXFileReference; lastKnownFileType = sourcecode.swift; path = SceneDelegate.swift; sourceTree = "<group>"; };
		CFD88A5A23FADD7E009F076E /* Base */ = {isa = PBXFileReference; lastKnownFileType = file.storyboard; name = Base; path = Base.lproj/Main.storyboard; sourceTree = "<group>"; };
		CFD88A5C23FADD81009F076E /* Assets.xcassets */ = {isa = PBXFileReference; lastKnownFileType = folder.assetcatalog; path = Assets.xcassets; sourceTree = "<group>"; };
		CFD88A5F23FADD81009F076E /* Base */ = {isa = PBXFileReference; lastKnownFileType = file.storyboard; name = Base; path = Base.lproj/LaunchScreen.storyboard; sourceTree = "<group>"; };
		CFD88A6123FADD81009F076E /* Info.plist */ = {isa = PBXFileReference; lastKnownFileType = text.plist.xml; path = Info.plist; sourceTree = "<group>"; };
		CFD88A6623FADD82009F076E /* ParstagramTests.xctest */ = {isa = PBXFileReference; explicitFileType = wrapper.cfbundle; includeInIndex = 0; path = ParstagramTests.xctest; sourceTree = BUILT_PRODUCTS_DIR; };
		CFD88A6A23FADD82009F076E /* ParstagramTests.swift */ = {isa = PBXFileReference; lastKnownFileType = sourcecode.swift; path = ParstagramTests.swift; sourceTree = "<group>"; };
		CFD88A6C23FADD82009F076E /* Info.plist */ = {isa = PBXFileReference; lastKnownFileType = text.plist.xml; path = Info.plist; sourceTree = "<group>"; };
		CFD88A7523FB526A009F076E /* FeedViewController.swift */ = {isa = PBXFileReference; lastKnownFileType = sourcecode.swift; path = FeedViewController.swift; sourceTree = "<group>"; };
		CFD88A7723FB5277009F076E /* LoginViewController.swift */ = {isa = PBXFileReference; lastKnownFileType = sourcecode.swift; path = LoginViewController.swift; sourceTree = "<group>"; };
		CFD88A7923FB622C009F076E /* CameraViewController.swift */ = {isa = PBXFileReference; lastKnownFileType = sourcecode.swift; path = CameraViewController.swift; sourceTree = "<group>"; };
/* End PBXFileReference section */

/* Begin PBXFrameworksBuildPhase section */
		CFD88A4D23FADD7E009F076E /* Frameworks */ = {
			isa = PBXFrameworksBuildPhase;
			buildActionMask = 2147483647;
			files = (
				F2885019D756CE7D6D2AD232 /* Pods_Parstagram.framework in Frameworks */,
			);
			runOnlyForDeploymentPostprocessing = 0;
		};
		CFD88A6323FADD82009F076E /* Frameworks */ = {
			isa = PBXFrameworksBuildPhase;
			buildActionMask = 2147483647;
			files = (
				82570E0F97656AE12BAE8F05 /* Pods_ParstagramTests.framework in Frameworks */,
			);
			runOnlyForDeploymentPostprocessing = 0;
		};
/* End PBXFrameworksBuildPhase section */

/* Begin PBXGroup section */
		28E120180CF051EE2A98F5D9 /* Pods */ = {
			isa = PBXGroup;
			children = (
				59514D8094BB6D5678F2B2A6 /* Pods-Parstagram.debug.xcconfig */,
				C2411933753344A7EB53F6FB /* Pods-Parstagram.release.xcconfig */,
				CF26E5885E76E151641B8033 /* Pods-ParstagramTests.debug.xcconfig */,
				215A51E7CCD3EA740B39D164 /* Pods-ParstagramTests.release.xcconfig */,
			);
			path = Pods;
			sourceTree = "<group>";
		};
		BFB31063F7F40F96F4EB90D8 /* Frameworks */ = {
			isa = PBXGroup;
			children = (
				42CB507BA4DD7031B62328E3 /* Pods_Parstagram.framework */,
				A92329E8503F1DAD3F80E609 /* Pods_ParstagramTests.framework */,
			);
			name = Frameworks;
			sourceTree = "<group>";
		};
		CFD88A4723FADD7E009F076E = {
			isa = PBXGroup;
			children = (
				CFD88A5223FADD7E009F076E /* Parstagram */,
				CFD88A6923FADD82009F076E /* ParstagramTests */,
				CFD88A5123FADD7E009F076E /* Products */,
				28E120180CF051EE2A98F5D9 /* Pods */,
				BFB31063F7F40F96F4EB90D8 /* Frameworks */,
			);
			sourceTree = "<group>";
		};
		CFD88A5123FADD7E009F076E /* Products */ = {
			isa = PBXGroup;
			children = (
				CFD88A5023FADD7E009F076E /* Parstagram.app */,
				CFD88A6623FADD82009F076E /* ParstagramTests.xctest */,
			);
			name = Products;
			sourceTree = "<group>";
		};
		CFD88A5223FADD7E009F076E /* Parstagram */ = {
			isa = PBXGroup;
			children = (
				CFD88A5323FADD7E009F076E /* AppDelegate.swift */,
				CFD88A5523FADD7E009F076E /* SceneDelegate.swift */,
				CFD88A5923FADD7E009F076E /* Main.storyboard */,
				CFD88A5C23FADD81009F076E /* Assets.xcassets */,
				CFD88A5E23FADD81009F076E /* LaunchScreen.storyboard */,
				CFD88A6123FADD81009F076E /* Info.plist */,
				CFD88A7523FB526A009F076E /* FeedViewController.swift */,
				CFD88A7723FB5277009F076E /* LoginViewController.swift */,
				CFD88A7923FB622C009F076E /* CameraViewController.swift */,
			);
			path = Parstagram;
			sourceTree = "<group>";
		};
		CFD88A6923FADD82009F076E /* ParstagramTests */ = {
			isa = PBXGroup;
			children = (
				CFD88A6A23FADD82009F076E /* ParstagramTests.swift */,
				CFD88A6C23FADD82009F076E /* Info.plist */,
			);
			path = ParstagramTests;
			sourceTree = "<group>";
		};
/* End PBXGroup section */

/* Begin PBXNativeTarget section */
		CFD88A4F23FADD7E009F076E /* Parstagram */ = {
			isa = PBXNativeTarget;
			buildConfigurationList = CFD88A6F23FADD82009F076E /* Build configuration list for PBXNativeTarget "Parstagram" */;
			buildPhases = (
				5C5BA030EE9EDAC96F5F2D04 /* [CP] Check Pods Manifest.lock */,
				CFD88A4C23FADD7E009F076E /* Sources */,
				CFD88A4D23FADD7E009F076E /* Frameworks */,
				CFD88A4E23FADD7E009F076E /* Resources */,
				A103BB55E1FFD82535D077B9 /* [CP] Embed Pods Frameworks */,
			);
			buildRules = (
			);
			dependencies = (
			);
			name = Parstagram;
			productName = Parstagram;
			productReference = CFD88A5023FADD7E009F076E /* Parstagram.app */;
			productType = "com.apple.product-type.application";
		};
		CFD88A6523FADD82009F076E /* ParstagramTests */ = {
			isa = PBXNativeTarget;
			buildConfigurationList = CFD88A7223FADD82009F076E /* Build configuration list for PBXNativeTarget "ParstagramTests" */;
			buildPhases = (
				0F8BD167EF061804A220300F /* [CP] Check Pods Manifest.lock */,
				CFD88A6223FADD82009F076E /* Sources */,
				CFD88A6323FADD82009F076E /* Frameworks */,
				CFD88A6423FADD82009F076E /* Resources */,
			);
			buildRules = (
			);
			dependencies = (
				CFD88A6823FADD82009F076E /* PBXTargetDependency */,
			);
			name = ParstagramTests;
			productName = ParstagramTests;
			productReference = CFD88A6623FADD82009F076E /* ParstagramTests.xctest */;
			productType = "com.apple.product-type.bundle.unit-test";
		};
/* End PBXNativeTarget section */

/* Begin PBXProject section */
		CFD88A4823FADD7E009F076E /* Project object */ = {
			isa = PBXProject;
			attributes = {
				LastSwiftUpdateCheck = 1130;
				LastUpgradeCheck = 1130;
				ORGANIZATIONNAME = "Shafer Hess";
				TargetAttributes = {
					CFD88A4F23FADD7E009F076E = {
						CreatedOnToolsVersion = 11.3.1;
					};
					CFD88A6523FADD82009F076E = {
						CreatedOnToolsVersion = 11.3.1;
						TestTargetID = CFD88A4F23FADD7E009F076E;
					};
				};
			};
			buildConfigurationList = CFD88A4B23FADD7E009F076E /* Build configuration list for PBXProject "Parstagram" */;
			compatibilityVersion = "Xcode 9.3";
			developmentRegion = en;
			hasScannedForEncodings = 0;
			knownRegions = (
				en,
				Base,
			);
			mainGroup = CFD88A4723FADD7E009F076E;
			productRefGroup = CFD88A5123FADD7E009F076E /* Products */;
			projectDirPath = "";
			projectRoot = "";
			targets = (
				CFD88A4F23FADD7E009F076E /* Parstagram */,
				CFD88A6523FADD82009F076E /* ParstagramTests */,
			);
		};
/* End PBXProject section */

/* Begin PBXResourcesBuildPhase section */
		CFD88A4E23FADD7E009F076E /* Resources */ = {
			isa = PBXResourcesBuildPhase;
			buildActionMask = 2147483647;
			files = (
				CFD88A6023FADD81009F076E /* LaunchScreen.storyboard in Resources */,
				CFD88A5D23FADD81009F076E /* Assets.xcassets in Resources */,
				CFD88A5B23FADD7E009F076E /* Main.storyboard in Resources */,
			);
			runOnlyForDeploymentPostprocessing = 0;
		};
		CFD88A6423FADD82009F076E /* Resources */ = {
			isa = PBXResourcesBuildPhase;
			buildActionMask = 2147483647;
			files = (
			);
			runOnlyForDeploymentPostprocessing = 0;
		};
/* End PBXResourcesBuildPhase section */

/* Begin PBXShellScriptBuildPhase section */
		0F8BD167EF061804A220300F /* [CP] Check Pods Manifest.lock */ = {
			isa = PBXShellScriptBuildPhase;
			buildActionMask = 2147483647;
			files = (
			);
			inputFileListPaths = (
			);
			inputPaths = (
				"${PODS_PODFILE_DIR_PATH}/Podfile.lock",
				"${PODS_ROOT}/Manifest.lock",
			);
			name = "[CP] Check Pods Manifest.lock";
			outputFileListPaths = (
			);
			outputPaths = (
				"$(DERIVED_FILE_DIR)/Pods-ParstagramTests-checkManifestLockResult.txt",
			);
			runOnlyForDeploymentPostprocessing = 0;
			shellPath = /bin/sh;
			shellScript = "diff \"${PODS_PODFILE_DIR_PATH}/Podfile.lock\" \"${PODS_ROOT}/Manifest.lock\" > /dev/null\nif [ $? != 0 ] ; then\n    # print error to STDERR\n    echo \"error: The sandbox is not in sync with the Podfile.lock. Run 'pod install' or update your CocoaPods installation.\" >&2\n    exit 1\nfi\n# This output is used by Xcode 'outputs' to avoid re-running this script phase.\necho \"SUCCESS\" > \"${SCRIPT_OUTPUT_FILE_0}\"\n";
			showEnvVarsInLog = 0;
		};
		5C5BA030EE9EDAC96F5F2D04 /* [CP] Check Pods Manifest.lock */ = {
			isa = PBXShellScriptBuildPhase;
			buildActionMask = 2147483647;
			files = (
			);
			inputFileListPaths = (
			);
			inputPaths = (
				"${PODS_PODFILE_DIR_PATH}/Podfile.lock",
				"${PODS_ROOT}/Manifest.lock",
			);
			name = "[CP] Check Pods Manifest.lock";
			outputFileListPaths = (
			);
			outputPaths = (
				"$(DERIVED_FILE_DIR)/Pods-Parstagram-checkManifestLockResult.txt",
			);
			runOnlyForDeploymentPostprocessing = 0;
			shellPath = /bin/sh;
			shellScript = "diff \"${PODS_PODFILE_DIR_PATH}/Podfile.lock\" \"${PODS_ROOT}/Manifest.lock\" > /dev/null\nif [ $? != 0 ] ; then\n    # print error to STDERR\n    echo \"error: The sandbox is not in sync with the Podfile.lock. Run 'pod install' or update your CocoaPods installation.\" >&2\n    exit 1\nfi\n# This output is used by Xcode 'outputs' to avoid re-running this script phase.\necho \"SUCCESS\" > \"${SCRIPT_OUTPUT_FILE_0}\"\n";
			showEnvVarsInLog = 0;
		};
		A103BB55E1FFD82535D077B9 /* [CP] Embed Pods Frameworks */ = {
			isa = PBXShellScriptBuildPhase;
			buildActionMask = 2147483647;
			files = (
			);
			inputFileListPaths = (
				"${PODS_ROOT}/Target Support Files/Pods-Parstagram/Pods-Parstagram-frameworks-${CONFIGURATION}-input-files.xcfilelist",
			);
			name = "[CP] Embed Pods Frameworks";
			outputFileListPaths = (
				"${PODS_ROOT}/Target Support Files/Pods-Parstagram/Pods-Parstagram-frameworks-${CONFIGURATION}-output-files.xcfilelist",
			);
			runOnlyForDeploymentPostprocessing = 0;
			shellPath = /bin/sh;
			shellScript = "\"${PODS_ROOT}/Target Support Files/Pods-Parstagram/Pods-Parstagram-frameworks.sh\"\n";
			showEnvVarsInLog = 0;
		};
/* End PBXShellScriptBuildPhase section */

/* Begin PBXSourcesBuildPhase section */
		CFD88A4C23FADD7E009F076E /* Sources */ = {
			isa = PBXSourcesBuildPhase;
			buildActionMask = 2147483647;
			files = (
				CFD88A5423FADD7E009F076E /* AppDelegate.swift in Sources */,
				CFD88A7A23FB622C009F076E /* CameraViewController.swift in Sources */,
				CFD88A7623FB526A009F076E /* FeedViewController.swift in Sources */,
				CFD88A7823FB5277009F076E /* LoginViewController.swift in Sources */,
				CFD88A5623FADD7E009F076E /* SceneDelegate.swift in Sources */,
			);
			runOnlyForDeploymentPostprocessing = 0;
		};
		CFD88A6223FADD82009F076E /* Sources */ = {
			isa = PBXSourcesBuildPhase;
			buildActionMask = 2147483647;
			files = (
				CFD88A6B23FADD82009F076E /* ParstagramTests.swift in Sources */,
			);
			runOnlyForDeploymentPostprocessing = 0;
		};
/* End PBXSourcesBuildPhase section */

/* Begin PBXTargetDependency section */
		CFD88A6823FADD82009F076E /* PBXTargetDependency */ = {
			isa = PBXTargetDependency;
			target = CFD88A4F23FADD7E009F076E /* Parstagram */;
			targetProxy = CFD88A6723FADD82009F076E /* PBXContainerItemProxy */;
		};
/* End PBXTargetDependency section */

/* Begin PBXVariantGroup section */
		CFD88A5923FADD7E009F076E /* Main.storyboard */ = {
			isa = PBXVariantGroup;
			children = (
				CFD88A5A23FADD7E009F076E /* Base */,
			);
			name = Main.storyboard;
			sourceTree = "<group>";
		};
		CFD88A5E23FADD81009F076E /* LaunchScreen.storyboard */ = {
			isa = PBXVariantGroup;
			children = (
				CFD88A5F23FADD81009F076E /* Base */,
			);
			name = LaunchScreen.storyboard;
			sourceTree = "<group>";
		};
/* End PBXVariantGroup section */

/* Begin XCBuildConfiguration section */
		CFD88A6D23FADD82009F076E /* Debug */ = {
			isa = XCBuildConfiguration;
			buildSettings = {
				ALWAYS_SEARCH_USER_PATHS = NO;
				CLANG_ANALYZER_NONNULL = YES;
				CLANG_ANALYZER_NUMBER_OBJECT_CONVERSION = YES_AGGRESSIVE;
				CLANG_CXX_LANGUAGE_STANDARD = "gnu++14";
				CLANG_CXX_LIBRARY = "libc++";
				CLANG_ENABLE_MODULES = YES;
				CLANG_ENABLE_OBJC_ARC = YES;
				CLANG_ENABLE_OBJC_WEAK = YES;
				CLANG_WARN_BLOCK_CAPTURE_AUTORELEASING = YES;
				CLANG_WARN_BOOL_CONVERSION = YES;
				CLANG_WARN_COMMA = YES;
				CLANG_WARN_CONSTANT_CONVERSION = YES;
				CLANG_WARN_DEPRECATED_OBJC_IMPLEMENTATIONS = YES;
				CLANG_WARN_DIRECT_OBJC_ISA_USAGE = YES_ERROR;
				CLANG_WARN_DOCUMENTATION_COMMENTS = YES;
				CLANG_WARN_EMPTY_BODY = YES;
				CLANG_WARN_ENUM_CONVERSION = YES;
				CLANG_WARN_INFINITE_RECURSION = YES;
				CLANG_WARN_INT_CONVERSION = YES;
				CLANG_WARN_NON_LITERAL_NULL_CONVERSION = YES;
				CLANG_WARN_OBJC_IMPLICIT_RETAIN_SELF = YES;
				CLANG_WARN_OBJC_LITERAL_CONVERSION = YES;
				CLANG_WARN_OBJC_ROOT_CLASS = YES_ERROR;
				CLANG_WARN_RANGE_LOOP_ANALYSIS = YES;
				CLANG_WARN_STRICT_PROTOTYPES = YES;
				CLANG_WARN_SUSPICIOUS_MOVE = YES;
				CLANG_WARN_UNGUARDED_AVAILABILITY = YES_AGGRESSIVE;
				CLANG_WARN_UNREACHABLE_CODE = YES;
				CLANG_WARN__DUPLICATE_METHOD_MATCH = YES;
				COPY_PHASE_STRIP = NO;
				DEBUG_INFORMATION_FORMAT = dwarf;
				ENABLE_STRICT_OBJC_MSGSEND = YES;
				ENABLE_TESTABILITY = YES;
				GCC_C_LANGUAGE_STANDARD = gnu11;
				GCC_DYNAMIC_NO_PIC = NO;
				GCC_NO_COMMON_BLOCKS = YES;
				GCC_OPTIMIZATION_LEVEL = 0;
				GCC_PREPROCESSOR_DEFINITIONS = (
					"DEBUG=1",
					"$(inherited)",
				);
				GCC_WARN_64_TO_32_BIT_CONVERSION = YES;
				GCC_WARN_ABOUT_RETURN_TYPE = YES_ERROR;
				GCC_WARN_UNDECLARED_SELECTOR = YES;
				GCC_WARN_UNINITIALIZED_AUTOS = YES_AGGRESSIVE;
				GCC_WARN_UNUSED_FUNCTION = YES;
				GCC_WARN_UNUSED_VARIABLE = YES;
				IPHONEOS_DEPLOYMENT_TARGET = 13.2;
				MTL_ENABLE_DEBUG_INFO = INCLUDE_SOURCE;
				MTL_FAST_MATH = YES;
				ONLY_ACTIVE_ARCH = YES;
				SDKROOT = iphoneos;
				SWIFT_ACTIVE_COMPILATION_CONDITIONS = DEBUG;
				SWIFT_OPTIMIZATION_LEVEL = "-Onone";
			};
			name = Debug;
		};
		CFD88A6E23FADD82009F076E /* Release */ = {
			isa = XCBuildConfiguration;
			buildSettings = {
				ALWAYS_SEARCH_USER_PATHS = NO;
				CLANG_ANALYZER_NONNULL = YES;
				CLANG_ANALYZER_NUMBER_OBJECT_CONVERSION = YES_AGGRESSIVE;
				CLANG_CXX_LANGUAGE_STANDARD = "gnu++14";
				CLANG_CXX_LIBRARY = "libc++";
				CLANG_ENABLE_MODULES = YES;
				CLANG_ENABLE_OBJC_ARC = YES;
				CLANG_ENABLE_OBJC_WEAK = YES;
				CLANG_WARN_BLOCK_CAPTURE_AUTORELEASING = YES;
				CLANG_WARN_BOOL_CONVERSION = YES;
				CLANG_WARN_COMMA = YES;
				CLANG_WARN_CONSTANT_CONVERSION = YES;
				CLANG_WARN_DEPRECATED_OBJC_IMPLEMENTATIONS = YES;
				CLANG_WARN_DIRECT_OBJC_ISA_USAGE = YES_ERROR;
				CLANG_WARN_DOCUMENTATION_COMMENTS = YES;
				CLANG_WARN_EMPTY_BODY = YES;
				CLANG_WARN_ENUM_CONVERSION = YES;
				CLANG_WARN_INFINITE_RECURSION = YES;
				CLANG_WARN_INT_CONVERSION = YES;
				CLANG_WARN_NON_LITERAL_NULL_CONVERSION = YES;
				CLANG_WARN_OBJC_IMPLICIT_RETAIN_SELF = YES;
				CLANG_WARN_OBJC_LITERAL_CONVERSION = YES;
				CLANG_WARN_OBJC_ROOT_CLASS = YES_ERROR;
				CLANG_WARN_RANGE_LOOP_ANALYSIS = YES;
				CLANG_WARN_STRICT_PROTOTYPES = YES;
				CLANG_WARN_SUSPICIOUS_MOVE = YES;
				CLANG_WARN_UNGUARDED_AVAILABILITY = YES_AGGRESSIVE;
				CLANG_WARN_UNREACHABLE_CODE = YES;
				CLANG_WARN__DUPLICATE_METHOD_MATCH = YES;
				COPY_PHASE_STRIP = NO;
				DEBUG_INFORMATION_FORMAT = "dwarf-with-dsym";
				ENABLE_NS_ASSERTIONS = NO;
				ENABLE_STRICT_OBJC_MSGSEND = YES;
				GCC_C_LANGUAGE_STANDARD = gnu11;
				GCC_NO_COMMON_BLOCKS = YES;
				GCC_WARN_64_TO_32_BIT_CONVERSION = YES;
				GCC_WARN_ABOUT_RETURN_TYPE = YES_ERROR;
				GCC_WARN_UNDECLARED_SELECTOR = YES;
				GCC_WARN_UNINITIALIZED_AUTOS = YES_AGGRESSIVE;
				GCC_WARN_UNUSED_FUNCTION = YES;
				GCC_WARN_UNUSED_VARIABLE = YES;
				IPHONEOS_DEPLOYMENT_TARGET = 13.2;
				MTL_ENABLE_DEBUG_INFO = NO;
				MTL_FAST_MATH = YES;
				SDKROOT = iphoneos;
				SWIFT_COMPILATION_MODE = wholemodule;
				SWIFT_OPTIMIZATION_LEVEL = "-O";
				VALIDATE_PRODUCT = YES;
			};
			name = Release;
		};
		CFD88A7023FADD82009F076E /* Debug */ = {
			isa = XCBuildConfiguration;
			baseConfigurationReference = 59514D8094BB6D5678F2B2A6 /* Pods-Parstagram.debug.xcconfig */;
			buildSettings = {
				ASSETCATALOG_COMPILER_APPICON_NAME = AppIcon;
				CODE_SIGN_STYLE = Automatic;
				DEVELOPMENT_TEAM = NE6M9B72BG;
				INFOPLIST_FILE = Parstagram/Info.plist;
				LD_RUNPATH_SEARCH_PATHS = (
					"$(inherited)",
					"@executable_path/Frameworks",
				);
				PRODUCT_BUNDLE_IDENTIFIER = shafer.hess.Parstagram;
				PRODUCT_NAME = "$(TARGET_NAME)";
				SWIFT_VERSION = 5.0;
				TARGETED_DEVICE_FAMILY = "1,2";
			};
			name = Debug;
		};
		CFD88A7123FADD82009F076E /* Release */ = {
			isa = XCBuildConfiguration;
			baseConfigurationReference = C2411933753344A7EB53F6FB /* Pods-Parstagram.release.xcconfig */;
			buildSettings = {
				ASSETCATALOG_COMPILER_APPICON_NAME = AppIcon;
				CODE_SIGN_STYLE = Automatic;
				DEVELOPMENT_TEAM = NE6M9B72BG;
				INFOPLIST_FILE = Parstagram/Info.plist;
				LD_RUNPATH_SEARCH_PATHS = (
					"$(inherited)",
					"@executable_path/Frameworks",
				);
				PRODUCT_BUNDLE_IDENTIFIER = shafer.hess.Parstagram;
				PRODUCT_NAME = "$(TARGET_NAME)";
				SWIFT_VERSION = 5.0;
				TARGETED_DEVICE_FAMILY = "1,2";
			};
			name = Release;
		};
		CFD88A7323FADD82009F076E /* Debug */ = {
			isa = XCBuildConfiguration;
			baseConfigurationReference = CF26E5885E76E151641B8033 /* Pods-ParstagramTests.debug.xcconfig */;
			buildSettings = {
				ALWAYS_EMBED_SWIFT_STANDARD_LIBRARIES = YES;
				BUNDLE_LOADER = "$(TEST_HOST)";
				CODE_SIGN_STYLE = Automatic;
				DEVELOPMENT_TEAM = NE6M9B72BG;
				INFOPLIST_FILE = ParstagramTests/Info.plist;
				IPHONEOS_DEPLOYMENT_TARGET = 13.2;
				LD_RUNPATH_SEARCH_PATHS = (
					"$(inherited)",
					"@executable_path/Frameworks",
					"@loader_path/Frameworks",
				);
				PRODUCT_BUNDLE_IDENTIFIER = shafer.hess.ParstagramTests;
				PRODUCT_NAME = "$(TARGET_NAME)";
				SWIFT_VERSION = 5.0;
				TARGETED_DEVICE_FAMILY = "1,2";
				TEST_HOST = "$(BUILT_PRODUCTS_DIR)/Parstagram.app/Parstagram";
			};
			name = Debug;
		};
		CFD88A7423FADD82009F076E /* Release */ = {
			isa = XCBuildConfiguration;
			baseConfigurationReference = 215A51E7CCD3EA740B39D164 /* Pods-ParstagramTests.release.xcconfig */;
			buildSettings = {
				ALWAYS_EMBED_SWIFT_STANDARD_LIBRARIES = YES;
				BUNDLE_LOADER = "$(TEST_HOST)";
				CODE_SIGN_STYLE = Automatic;
				DEVELOPMENT_TEAM = NE6M9B72BG;
				INFOPLIST_FILE = ParstagramTests/Info.plist;
				IPHONEOS_DEPLOYMENT_TARGET = 13.2;
				LD_RUNPATH_SEARCH_PATHS = (
					"$(inherited)",
					"@executable_path/Frameworks",
					"@loader_path/Frameworks",
				);
				PRODUCT_BUNDLE_IDENTIFIER = shafer.hess.ParstagramTests;
				PRODUCT_NAME = "$(TARGET_NAME)";
				SWIFT_VERSION = 5.0;
				TARGETED_DEVICE_FAMILY = "1,2";
				TEST_HOST = "$(BUILT_PRODUCTS_DIR)/Parstagram.app/Parstagram";
			};
			name = Release;
		};
/* End XCBuildConfiguration section */

/* Begin XCConfigurationList section */
		CFD88A4B23FADD7E009F076E /* Build configuration list for PBXProject "Parstagram" */ = {
			isa = XCConfigurationList;
			buildConfigurations = (
				CFD88A6D23FADD82009F076E /* Debug */,
				CFD88A6E23FADD82009F076E /* Release */,
			);
			defaultConfigurationIsVisible = 0;
			defaultConfigurationName = Release;
		};
		CFD88A6F23FADD82009F076E /* Build configuration list for PBXNativeTarget "Parstagram" */ = {
			isa = XCConfigurationList;
			buildConfigurations = (
				CFD88A7023FADD82009F076E /* Debug */,
				CFD88A7123FADD82009F076E /* Release */,
			);
			defaultConfigurationIsVisible = 0;
			defaultConfigurationName = Release;
		};
		CFD88A7223FADD82009F076E /* Build configuration list for PBXNativeTarget "ParstagramTests" */ = {
			isa = XCConfigurationList;
			buildConfigurations = (
				CFD88A7323FADD82009F076E /* Debug */,
				CFD88A7423FADD82009F076E /* Release */,
			);
			defaultConfigurationIsVisible = 0;
			defaultConfigurationName = Release;
		};
/* End XCConfigurationList section */
	};
	rootObject = CFD88A4823FADD7E009F076E /* Project object */;
}
